
Microsoft Visual Studio Solution File, Format Version 12.00
# Visual Studio Version 17
VisualStudioVersion = 17.10.34928.147
MinimumVisualStudioVersion = 10.0.40219.1
Project("{FAE04EC0-301F-11D3-BF4B-00C04F79EFBC}") = "SimpleDataApp", "SimpleDataApp\SimpleDataApp.csproj", "{9ABA2CBE-1C53-4283-BCA6-3AE594777D86}"
EndProject
Global
	GlobalSection(SolutionConfigurationPlatforms) = preSolution
		Debug|Any CPU = Debug|Any CPU
		Release|Any CPU = Release|Any CPU
	EndGlobalSection
	GlobalSection(ProjectConfigurationPlatforms) = postSolution
		{9ABA2CBE-1C53-4283-BCA6-3AE594777D86}.Debug|Any CPU.ActiveCfg = Debug|Any CPU
		{9ABA2CBE-1C53-4283-BCA6-3AE594777D86}.Debug|Any CPU.Build.0 = Debug|Any CPU
		{9ABA2CBE-1C53-4283-BCA6-3AE594777D86}.Release|Any CPU.ActiveCfg = Release|Any CPU
		{9ABA2CBE-1C53-4283-BCA6-3AE594777D86}.Release|Any CPU.Build.0 = Release|Any CPU
	EndGlobalSection
	GlobalSection(SolutionProperties) = preSolution
		HideSolutionNode = FALSE
	EndGlobalSection
	GlobalSection(ExtensibilityGlobals) = postSolution
		SolutionGuid = {75A5C261-CDA6-4042-8681-3D5363CBBF88}
	EndGlobalSection
EndGlobal
